# This file is automatically @generated by Cargo.
# It is not intended for manual editing.
version = 4

[[package]]
name = "gossip-core"
version = "0.1.0"

[[package]]
name = "gossip-sim"
version = "0.1.0"
dependencies = [
 "gossip-core",
 "gossip-transport",
]

[[package]]
name = "gossip-transport"
version = "0.1.0"
dependencies = [
 "gossip-core",
]

[[package]]
name = "gossiper"
version = "0.1.0"
dependencies = [
 "gossip-core",
 "gossip-sim",
 "gossip-transport",
]
